{
  "name": "nvim",
  "lockfileVersion": 2,
  "requires": true,
  "packages": {
    "": {
      "dependencies": {
        "vim-language-server": "^2.2.3"
      }
    },
    "node_modules/vim-language-server": {
      "version": "2.2.3",
      "resolved": "https://registry.npmjs.org/vim-language-server/-/vim-language-server-2.2.3.tgz",
      "integrity": "sha512-dUaWfvqNM0IVwinwYHv6prKYEw4o/ayZtvceFBKdMCf91uYzKt64MLqD8ZA597JLheul/oEV1XKgpzLLPcfVVw==",
      "bin": {
        "vim-language-server": "bin/index.js"
      }
    }
  },
  "dependencies": {
    "vim-language-server": {
      "version": "2.2.3",
      "resolved": "https://registry.npmjs.org/vim-language-server/-/vim-language-server-2.2.3.tgz",
      "integrity": "sha512-dUaWfvqNM0IVwinwYHv6prKYEw4o/ayZtvceFBKdMCf91uYzKt64MLqD8ZA597JLheul/oEV1XKgpzLLPcfVVw=="
    }
  }
}
